<?xml version="1.0" encoding="utf-8"?>
<Project ToolsVersion="4.0" xmlns="http://schemas.microsoft.com/developer/msbuild/2003">
  <ItemGroup>
    <Filter Include="ゲーム">
      <UniqueIdentifier>{4FC737F1-C7A5-4376-A066-2A32D752A2FF}</UniqueIdentifier>
      <Extensions>cpp;h</Extensions>
    </Filter>
    <Filter Include="リソース">
      <UniqueIdentifier>{67DA6AB6-F800-4c08-8B7A-83BB121AAD01}</UniqueIdentifier>
      <Extensions>rc;ico;cur;bmp;dlg;rc2;rct;bin;rgs;gif;jpg;jpeg;jpe;resx;tiff;tif;png;wav;mfcribbon-ms</Extensions>
    </Filter>
    <Filter Include="ゲーム\シーン">
      <UniqueIdentifier>{b31857f4-ee0f-48d9-9233-c26e162a4231}</UniqueIdentifier>
    </Filter>
    <Filter Include="リソース\アイコン">
      <UniqueIdentifier>{4ba6070f-78bb-444f-8c52-c7bb3e474b51}</UniqueIdentifier>
    </Filter>
    <Filter Include="リソース\テクスチャ">
      <UniqueIdentifier>{db3d96bd-3724-4f2b-89a0-15cdb5f6ab26}</UniqueIdentifier>
    </Filter>
    <Filter Include="リソース\フォント">
      <UniqueIdentifier>{340c4436-2604-4cd8-a2c4-f5cf4531a727}</UniqueIdentifier>
    </Filter>
    <Filter Include="リソース\音">
      <UniqueIdentifier>{c4721adc-6123-4339-b3e6-84f317c16ac7}</UniqueIdentifier>
    </Filter>
    <Filter Include="ライブラリ">
      <UniqueIdentifier>{ac623a13-28ce-46df-bfb6-4db2d7c34732}</UniqueIdentifier>
    </Filter>
    <Filter Include="ライブラリ\依存関係">
      <UniqueIdentifier>{bc3c0a04-a1ec-41ff-8f47-708cc00edb9f}</UniqueIdentifier>
    </Filter>
  </ItemGroup>
  <ItemGroup>
    <ClInclude Include="..\..\Game\GameMain.h">
      <Filter>ゲーム</Filter>
    </ClInclude>
    <ClInclude Include="..\..\Game\LogoScene.h">
      <Filter>ゲーム\シーン</Filter>
    </ClInclude>
    <ClInclude Include="..\..\Game\PlayScene.h">
      <Filter>ゲーム\シーン</Filter>
    </ClInclude>
    <ClInclude Include="..\..\Game\ResultScene.h">
      <Filter>ゲーム\シーン</Filter>
    </ClInclude>
    <ClInclude Include="..\..\Game\TitleScene.h">
      <Filter>ゲーム\シーン</Filter>
    </ClInclude>
    <ClInclude Include="..\..\Resources\Icon\Icon.h">
      <Filter>リソース\アイコン</Filter>
    </ClInclude>
    <ClInclude Include="..\..\Libraries\Dependencies\pch.h">
      <Filter>ライブラリ\依存関係</Filter>
    </ClInclude>
  </ItemGroup>
  <ItemGroup>
    <ClCompile Include="..\..\Game\GameMain.cpp">
      <Filter>ゲーム</Filter>
    </ClCompile>
    <ClCompile Include="..\..\Game\Main.cpp">
      <Filter>ゲーム</Filter>
    </ClCompile>
    <ClCompile Include="..\..\Game\LogoScene.cpp">
      <Filter>ゲーム\シーン</Filter>
    </ClCompile>
    <ClCompile Include="..\..\Game\PlayScene.cpp">
      <Filter>ゲーム\シーン</Filter>
    </ClCompile>
    <ClCompile Include="..\..\Game\ResultScene.cpp">
      <Filter>ゲーム\シーン</Filter>
    </ClCompile>
    <ClCompile Include="..\..\Game\TitleScene.cpp">
      <Filter>ゲーム\シーン</Filter>
    </ClCompile>
    <ClCompile Include="..\..\Libraries\Dependencies\pch.cpp">
      <Filter>ライブラリ\依存関係</Filter>
    </ClCompile>
  </ItemGroup>
  <ItemGroup>
    <Image Include="..\..\Resources\Icon\Icon.ico">
      <Filter>リソース\アイコン</Filter>
    </Image>
  </ItemGroup>
  <ItemGroup>
    <ResourceCompile Include="..\..\Resources\Icon\Icon.rc">
      <Filter>リソース\アイコン</Filter>
    </ResourceCompile>
  </ItemGroup>
  <ItemGroup>
    <None Include="..\..\Resources\Fonts\font.ppm">
      <Filter>リソース\フォント</Filter>
    </None>
  </ItemGroup>
  <ItemGroup>
    <Text Include="..\..\Resources\Fonts\font.txt">
      <Filter>リソース\フォント</Filter>
    </Text>
  </ItemGroup>
</Project>