<?xml version="1.0" encoding="utf-8"?>
<Project ToolsVersion="4.0" xmlns="http://schemas.microsoft.com/developer/msbuild/2003">
  <ItemGroup>
    <Filter Include="ゲーム">
      <UniqueIdentifier>{b701683c-e6f8-434f-ae73-83f09bbe2963}</UniqueIdentifier>
      <Extensions>cpp;h</Extensions>
    </Filter>
    <Filter Include="リソース">
      <UniqueIdentifier>{67DA6AB6-F800-4c08-8B7A-83BB121AAD01}</UniqueIdentifier>
      <Extensions>rc;ico;cur;bmp;dlg;rc2;rct;bin;rgs;gif;jpg;jpeg;jpe;resx;tiff;tif;png;wav;mfcribbon-ms</Extensions>
    </Filter>
    <Filter Include="ライブラリ">
      <UniqueIdentifier>{ab798fd0-c7f7-4b1c-a68f-49fcedb8e8fa}</UniqueIdentifier>
    </Filter>
  </ItemGroup>
  <ItemGroup>
    <ClInclude Include="Game\Color.h">
      <Filter>ゲーム</Filter>
    </ClInclude>
    <ClInclude Include="Game\ConsoleCharacter.h">
      <Filter>ゲーム</Filter>
    </ClInclude>
    <ClInclude Include="Game\CXFont.h">
      <Filter>ゲーム</Filter>
    </ClInclude>
    <ClInclude Include="Game\CXLib.h">
      <Filter>ゲーム</Filter>
    </ClInclude>
    <ClInclude Include="Game\GameMain.h">
      <Filter>ゲーム</Filter>
    </ClInclude>
    <ClInclude Include="Game\Input.h">
      <Filter>ゲーム</Filter>
    </ClInclude>
    <ClInclude Include="Game\pch.h">
      <Filter>ゲーム</Filter>
    </ClInclude>
    <ClInclude Include="Game\ScreenContext.h">
      <Filter>ゲーム</Filter>
    </ClInclude>
    <ClInclude Include="Game\ScreenManager.h">
      <Filter>ゲーム</Filter>
    </ClInclude>
    <ClInclude Include="Game\Singleton.h">
      <Filter>ゲーム</Filter>
    </ClInclude>
    <ClInclude Include="Game\Screen.h">
      <Filter>ゲーム</Filter>
    </ClInclude>
    <ClInclude Include="Game\String.h">
      <Filter>ゲーム</Filter>
    </ClInclude>
    <ClInclude Include="Game\FrameTimer.h">
      <Filter>ゲーム</Filter>
    </ClInclude>
    <ClInclude Include="Game\Time.h">
      <Filter>ゲーム</Filter>
    </ClInclude>
    <ClInclude Include="Game\Vector2.h">
      <Filter>ゲーム</Filter>
    </ClInclude>
    <ClInclude Include="Game\MathUtils.h">
      <Filter>ゲーム</Filter>
    </ClInclude>
    <ClInclude Include="Game\Matrix.h">
      <Filter>ゲーム</Filter>
    </ClInclude>
    <ClInclude Include="Game\SystemUtils.h">
      <Filter>ゲーム</Filter>
    </ClInclude>
  </ItemGroup>
  <ItemGroup>
    <ClCompile Include="Game\Color.cpp">
      <Filter>ゲーム</Filter>
    </ClCompile>
    <ClCompile Include="Game\ConsoleCharacter.cpp">
      <Filter>ゲーム</Filter>
    </ClCompile>
    <ClCompile Include="Game\CXFont.cpp">
      <Filter>ゲーム</Filter>
    </ClCompile>
    <ClCompile Include="Game\CXLib.cpp">
      <Filter>ゲーム</Filter>
    </ClCompile>
    <ClCompile Include="Game\GameMain.cpp">
      <Filter>ゲーム</Filter>
    </ClCompile>
    <ClCompile Include="Game\Input.cpp">
      <Filter>ゲーム</Filter>
    </ClCompile>
    <ClCompile Include="Game\Main.cpp">
      <Filter>ゲーム</Filter>
    </ClCompile>
    <ClCompile Include="Game\pch.cpp">
      <Filter>ゲーム</Filter>
    </ClCompile>
    <ClCompile Include="Game\ScreenContext.cpp">
      <Filter>ゲーム</Filter>
    </ClCompile>
    <ClCompile Include="Game\ScreenManager.cpp">
      <Filter>ゲーム</Filter>
    </ClCompile>
    <ClCompile Include="Game\Singleton.cpp">
      <Filter>ゲーム</Filter>
    </ClCompile>
    <ClCompile Include="Game\Screen.cpp">
      <Filter>ゲーム</Filter>
    </ClCompile>
    <ClCompile Include="Game\String.cpp">
      <Filter>ゲーム</Filter>
    </ClCompile>
    <ClCompile Include="Game\FrameTimer.cpp">
      <Filter>ゲーム</Filter>
    </ClCompile>
    <ClCompile Include="Game\Time.cpp">
      <Filter>ゲーム</Filter>
    </ClCompile>
    <ClCompile Include="Game\Vector2.cpp">
      <Filter>ゲーム</Filter>
    </ClCompile>
    <ClCompile Include="Game\MathUtils.cpp">
      <Filter>ゲーム</Filter>
    </ClCompile>
    <ClCompile Include="Game\Matrix.cpp">
      <Filter>ゲーム</Filter>
    </ClCompile>
    <ClCompile Include="Game\SystemUtils.cpp">
      <Filter>ゲーム</Filter>
    </ClCompile>
  </ItemGroup>
</Project>