<?xml version="1.0" encoding="utf-8"?>
<Project ToolsVersion="4.0" xmlns="http://schemas.microsoft.com/developer/msbuild/2003">
  <ItemGroup>
    <Filter Include="ライブラリ">
      <UniqueIdentifier>{505669e8-8f3f-41db-a10b-12559b5ab7e1}</UniqueIdentifier>
    </Filter>
    <Filter Include="ライブラリ\ベースライブラリ">
      <UniqueIdentifier>{8a5f99bb-9f7b-44b0-b481-498ddda300a6}</UniqueIdentifier>
    </Filter>
    <Filter Include="ライブラリ\ベースライブラリ\オブジェクト">
      <UniqueIdentifier>{b13a44ec-894b-4a11-bb9e-97a71cba0b25}</UniqueIdentifier>
    </Filter>
    <Filter Include="ライブラリ\ベースライブラリ\ユーティリティ">
      <UniqueIdentifier>{18d4d328-160d-4f18-8b9d-1807393d8cd6}</UniqueIdentifier>
    </Filter>
    <Filter Include="ライブラリ\依存関係">
      <UniqueIdentifier>{498470fa-fa44-4db2-9ed2-72f949c93de0}</UniqueIdentifier>
    </Filter>
  </ItemGroup>
  <ItemGroup>
    <ClInclude Include="..\Libraries\BaseLibrary\BaseLibrary.h">
      <Filter>ライブラリ\ベースライブラリ</Filter>
    </ClInclude>
    <ClInclude Include="..\Libraries\BaseLibrary\Matrix.h">
      <Filter>ライブラリ\ベースライブラリ\オブジェクト</Filter>
    </ClInclude>
    <ClInclude Include="..\Libraries\BaseLibrary\String.h">
      <Filter>ライブラリ\ベースライブラリ\オブジェクト</Filter>
    </ClInclude>
    <ClInclude Include="..\Libraries\BaseLibrary\Vector2.h">
      <Filter>ライブラリ\ベースライブラリ\オブジェクト</Filter>
    </ClInclude>
    <ClInclude Include="..\Libraries\BaseLibrary\AspectUtils.h">
      <Filter>ライブラリ\ベースライブラリ\ユーティリティ</Filter>
    </ClInclude>
    <ClInclude Include="..\Libraries\BaseLibrary\Easings.h">
      <Filter>ライブラリ\ベースライブラリ\ユーティリティ</Filter>
    </ClInclude>
    <ClInclude Include="..\Libraries\BaseLibrary\Random.h">
      <Filter>ライブラリ\ベースライブラリ\ユーティリティ</Filter>
    </ClInclude>
    <ClInclude Include="..\Libraries\BaseLibrary\MathUtils.h">
      <Filter>ライブラリ\ベースライブラリ\ユーティリティ</Filter>
    </ClInclude>
    <ClInclude Include="..\Libraries\BaseLibrary\Singleton.h">
      <Filter>ライブラリ\ベースライブラリ\ユーティリティ</Filter>
    </ClInclude>
    <ClInclude Include="..\Libraries\Dependencies\pch.h">
      <Filter>ライブラリ\依存関係</Filter>
    </ClInclude>
    <ClInclude Include="..\Libraries\BaseLibrary\MemoryLeakDetector.h">
      <Filter>ライブラリ\ベースライブラリ\ユーティリティ</Filter>
    </ClInclude>
  </ItemGroup>
  <ItemGroup>
    <ClCompile Include="..\Libraries\BaseLibrary\Matrix.cpp">
      <Filter>ライブラリ\ベースライブラリ\オブジェクト</Filter>
    </ClCompile>
    <ClCompile Include="..\Libraries\BaseLibrary\Vector2.cpp">
      <Filter>ライブラリ\ベースライブラリ\オブジェクト</Filter>
    </ClCompile>
    <ClCompile Include="..\Libraries\BaseLibrary\AspectUtils.cpp">
      <Filter>ライブラリ\ベースライブラリ\ユーティリティ</Filter>
    </ClCompile>
    <ClCompile Include="..\Libraries\BaseLibrary\Easings.cpp">
      <Filter>ライブラリ\ベースライブラリ\ユーティリティ</Filter>
    </ClCompile>
    <ClCompile Include="..\Libraries\BaseLibrary\Random.cpp">
      <Filter>ライブラリ\ベースライブラリ\ユーティリティ</Filter>
    </ClCompile>
    <ClCompile Include="..\Libraries\BaseLibrary\MathUtils.cpp">
      <Filter>ライブラリ\ベースライブラリ\ユーティリティ</Filter>
    </ClCompile>
    <ClCompile Include="..\Libraries\Dependencies\pch.cpp">
      <Filter>ライブラリ\依存関係</Filter>
    </ClCompile>
  </ItemGroup>
</Project>