<?xml version="1.0" encoding="utf-8"?>
<Project ToolsVersion="4.0" xmlns="http://schemas.microsoft.com/developer/msbuild/2003">
  <ItemGroup>
    <Filter Include="ライブラリ">
      <UniqueIdentifier>{d43490ca-157c-479a-b258-4b19cd3761f3}</UniqueIdentifier>
    </Filter>
    <Filter Include="ライブラリ\コンソールライブラリ">
      <UniqueIdentifier>{cc0f4ace-75ee-44ef-b787-991a1538dbac}</UniqueIdentifier>
    </Filter>
    <Filter Include="ライブラリ\コンソールライブラリ\オブジェクト">
      <UniqueIdentifier>{9f08071b-a4e4-4406-b861-de6b90b0c3a7}</UniqueIdentifier>
    </Filter>
    <Filter Include="ライブラリ\コンソールライブラリ\ConsoleScreen">
      <UniqueIdentifier>{a392bff7-2137-48da-bc8f-ee4fba15fdf4}</UniqueIdentifier>
    </Filter>
    <Filter Include="ライブラリ\コンソールライブラリ\ConsoleScreen\Dependencies">
      <UniqueIdentifier>{ba7d6252-fdac-470a-9be5-c0c1610b37e0}</UniqueIdentifier>
    </Filter>
    <Filter Include="ライブラリ\依存関係">
      <UniqueIdentifier>{3dbbc01f-f8bc-4a07-bd13-8569cd3d5efa}</UniqueIdentifier>
    </Filter>
  </ItemGroup>
  <ItemGroup>
    <ClInclude Include="..\..\Libraries\ConsoleLibrary\ConsoleLibrary.h">
      <Filter>ライブラリ\コンソールライブラリ</Filter>
    </ClInclude>
    <ClInclude Include="..\..\Libraries\ConsoleLibrary\Color.h">
      <Filter>ライブラリ\コンソールライブラリ\オブジェクト</Filter>
    </ClInclude>
    <ClInclude Include="..\..\Libraries\ConsoleLibrary\Screen.h">
      <Filter>ライブラリ\コンソールライブラリ\ConsoleScreen</Filter>
    </ClInclude>
    <ClInclude Include="..\..\Libraries\ConsoleLibrary\ScreenManager.h">
      <Filter>ライブラリ\コンソールライブラリ\ConsoleScreen</Filter>
    </ClInclude>
    <ClInclude Include="..\..\Libraries\ConsoleLibrary\ConsoleCharacter.h">
      <Filter>ライブラリ\コンソールライブラリ\ConsoleScreen\Dependencies</Filter>
    </ClInclude>
    <ClInclude Include="..\..\Libraries\Dependencies\pch.h">
      <Filter>ライブラリ\依存関係</Filter>
    </ClInclude>
    <ClInclude Include="..\..\Libraries\ConsoleLibrary\ScreenInputContext.h">
      <Filter>ライブラリ\コンソールライブラリ\ConsoleScreen</Filter>
    </ClInclude>
    <ClInclude Include="..\..\Libraries\ConsoleLibrary\ScreenOutputContext.h">
      <Filter>ライブラリ\コンソールライブラリ\ConsoleScreen</Filter>
    </ClInclude>
  </ItemGroup>
  <ItemGroup>
    <ClCompile Include="..\..\Libraries\ConsoleLibrary\Screen.cpp">
      <Filter>ライブラリ\コンソールライブラリ\ConsoleScreen</Filter>
    </ClCompile>
    <ClCompile Include="..\..\Libraries\ConsoleLibrary\ScreenManager.cpp">
      <Filter>ライブラリ\コンソールライブラリ\ConsoleScreen</Filter>
    </ClCompile>
    <ClCompile Include="..\..\Libraries\ConsoleLibrary\ConsoleCharacter.cpp">
      <Filter>ライブラリ\コンソールライブラリ\ConsoleScreen\Dependencies</Filter>
    </ClCompile>
    <ClCompile Include="..\..\Libraries\Dependencies\pch.cpp">
      <Filter>ライブラリ\依存関係</Filter>
    </ClCompile>
    <ClCompile Include="..\..\Libraries\ConsoleLibrary\ScreenInputContext.cpp">
      <Filter>ライブラリ\コンソールライブラリ\ConsoleScreen</Filter>
    </ClCompile>
    <ClCompile Include="..\..\Libraries\ConsoleLibrary\ScreenOutputContext.cpp">
      <Filter>ライブラリ\コンソールライブラリ\ConsoleScreen</Filter>
    </ClCompile>
  </ItemGroup>
</Project>